
Microsoft Visual Studio Solution File, Format Version 12.00
# Visual Studio Version 16
VisualStudioVersion = 16.0.31605.320
MinimumVisualStudioVersion = 10.0.40219.1
Project("{FAE04EC0-301F-11D3-BF4B-00C04F79EFBC}") = "Ejercicio_01", "Ejercicio_01\Ejercicio_01.csproj", "{D3F50FD8-67F6-446B-9647-A20B43C004CC}"
EndProject
Project("{FAE04EC0-301F-11D3-BF4B-00C04F79EFBC}") = "Ejercicio_02", "Ejercicio_02\Ejercicio_02.csproj", "{AC167B5A-D18B-43FE-A7A6-7BE5856A6505}"
EndProject
Project("{FAE04EC0-301F-11D3-BF4B-00C04F79EFBC}") = "Ejercicio_03", "Ejercicio_03\Ejercicio_03.csproj", "{C77E9E7C-9792-4C39-9786-67D6380529A1}"
EndProject
Project("{FAE04EC0-301F-11D3-BF4B-00C04F79EFBC}") = "Ejercicio_04", "Ejercicio_04\Ejercicio_04.csproj", "{170673B6-28C6-4260-8D8C-D948F07CAD24}"
EndProject
Project("{FAE04EC0-301F-11D3-BF4B-00C04F79EFBC}") = "Ejercicio_05", "Ejercicio_05\Ejercicio_05.csproj", "{BB48C27B-83DC-4F8C-BCD3-6BB4BF9130F3}"
EndProject
Project("{FAE04EC0-301F-11D3-BF4B-00C04F79EFBC}") = "Ejercicio_06", "Ejercicio_06\Ejercicio_06.csproj", "{59FC9EF5-186A-4817-AB44-63DCBBDE12FE}"
EndProject
Project("{FAE04EC0-301F-11D3-BF4B-00C04F79EFBC}") = "Ejercicio_07", "Ejercicio_07\Ejercicio_07.csproj", "{81035241-BC6E-4C88-9818-ECF84878D9E5}"
EndProject
Project("{FAE04EC0-301F-11D3-BF4B-00C04F79EFBC}") = "Ejercicio_08", "Ejercicio_08\Ejercicio_08.csproj", "{E5402A62-F854-4FF4-9771-039BA1D1709E}"
EndProject
Project("{FAE04EC0-301F-11D3-BF4B-00C04F79EFBC}") = "Ejercicio_09", "Ejercicio_09\Ejercicio_09.csproj", "{76A5C316-4984-48A5-B0DD-B31FBC45A1C9}"
EndProject
Project("{FAE04EC0-301F-11D3-BF4B-00C04F79EFBC}") = "Ejercicio_10", "Ejercicio_10\Ejercicio_10.csproj", "{90230B64-D777-4008-9916-051154DC56D2}"
EndProject
Project("{FAE04EC0-301F-11D3-BF4B-00C04F79EFBC}") = "Ejercicio_11", "Ejercicio_11\Ejercicio_11.csproj", "{D3FF7353-29B8-4228-8B7E-9415920F7E2C}"
EndProject
Project("{FAE04EC0-301F-11D3-BF4B-00C04F79EFBC}") = "Ejercicio_12", "Ejercicio_12\Ejercicio_12.csproj", "{13E40918-EE20-4664-9AC0-8AE1BFBC332E}"
EndProject
Project("{FAE04EC0-301F-11D3-BF4B-00C04F79EFBC}") = "Ejercicio_13", "Ejercicio_13\Ejercicio_13.csproj", "{859D437C-2701-45AE-A876-038E2E567560}"
EndProject
Project("{FAE04EC0-301F-11D3-BF4B-00C04F79EFBC}") = "Ejercicio_14", "Ejercicio_14\Ejercicio_14.csproj", "{9FBA8A7E-E564-4224-A3BD-F98116A65654}"
EndProject
Project("{FAE04EC0-301F-11D3-BF4B-00C04F79EFBC}") = "Ejercicio_15", "Ejercicio_15\Ejercicio_15.csproj", "{F135194F-8134-4F17-9457-57CCEC171C5B}"
EndProject
Project("{FAE04EC0-301F-11D3-BF4B-00C04F79EFBC}") = "Ejercicio_16", "Ejercicio_16\Ejercicio_16.csproj", "{1A1D6DB6-D4A3-4A70-A27E-BE19D725089C}"
EndProject
Project("{FAE04EC0-301F-11D3-BF4B-00C04F79EFBC}") = "Ejercicio_17", "Ejercicio_17\Ejercicio_17.csproj", "{5918BCD0-78EE-4D3F-B3F8-ED24CCE29274}"
EndProject
Project("{FAE04EC0-301F-11D3-BF4B-00C04F79EFBC}") = "Ejercicio_18", "Ejercicio_18\Ejercicio_18.csproj", "{FE39C1AE-9774-4FE8-ADF2-FAA529263083}"
EndProject
Project("{FAE04EC0-301F-11D3-BF4B-00C04F79EFBC}") = "Ejercicio_19", "Ejercicio_19\Ejercicio_19.csproj", "{85B3C4D6-4051-432B-BED3-922D26222CB3}"
EndProject
Project("{FAE04EC0-301F-11D3-BF4B-00C04F79EFBC}") = "Ejercicio_20", "Ejercicio_20\Ejercicio_20.csproj", "{829C56D1-03B3-493D-B314-29BE8E514E65}"
EndProject
Project("{FAE04EC0-301F-11D3-BF4B-00C04F79EFBC}") = "Ejercicio_21", "Ejercicio_21\Ejercicio_21.csproj", "{1F48CF56-D7AA-461F-B5FB-35D9B044FD8F}"
EndProject
Project("{FAE04EC0-301F-11D3-BF4B-00C04F79EFBC}") = "Ejercicio_22", "Ejercicio_22\Ejercicio_22.csproj", "{A5B01A13-8726-423E-80D6-D327894053A5}"
EndProject
Project("{FAE04EC0-301F-11D3-BF4B-00C04F79EFBC}") = "Ejercicio_23", "Ejercicio_23\Ejercicio_23.csproj", "{64C68746-7E0F-4F80-BC51-5AF3F03D1ECA}"
EndProject
Project("{FAE04EC0-301F-11D3-BF4B-00C04F79EFBC}") = "Ejercicio_24", "Ejercicio_24\Ejercicio_24.csproj", "{9468596F-D3D4-471B-9D97-9AEA95CD46ED}"
EndProject
Project("{FAE04EC0-301F-11D3-BF4B-00C04F79EFBC}") = "Ejercicio_25", "Ejercicio_25\Ejercicio_25.csproj", "{0AC5C13C-EA36-4181-B205-56B60121B2D0}"
EndProject
Project("{FAE04EC0-301F-11D3-BF4B-00C04F79EFBC}") = "Ejercicio_26", "Ejercicio_26\Ejercicio_26.csproj", "{2FA35156-1549-4EDC-887E-04762AD93DC5}"
EndProject
Project("{FAE04EC0-301F-11D3-BF4B-00C04F79EFBC}") = "Ejercicio_27", "Ejercicio_27\Ejercicio_27.csproj", "{EAE7D554-7E25-4A28-9415-858DB3B66F06}"
EndProject
Project("{FAE04EC0-301F-11D3-BF4B-00C04F79EFBC}") = "Ejercicio_28", "Ejercicio_28\Ejercicio_28.csproj", "{CC98ADA4-02BE-4A1F-ACEC-4496298D0E6B}"
EndProject
Project("{FAE04EC0-301F-11D3-BF4B-00C04F79EFBC}") = "Ejercicio_29", "Ejercicio_29\Ejercicio_29.csproj", "{1903CDF4-0AD1-4516-9694-785F2C266554}"
EndProject
Project("{FAE04EC0-301F-11D3-BF4B-00C04F79EFBC}") = "Ejercicio_30", "Ejercicio_30\Ejercicio_30.csproj", "{9B827EE6-FB0C-4215-B977-905211D81863}"
EndProject
Project("{FAE04EC0-301F-11D3-BF4B-00C04F79EFBC}") = "Ejercicio_31", "Ejercicio_31\Ejercicio_31.csproj", "{C17FAB5C-3D14-451D-A89F-962A6CE45EE0}"
EndProject
Project("{FAE04EC0-301F-11D3-BF4B-00C04F79EFBC}") = "Ejercicio_32", "Ejercicio_32\Ejercicio_32.csproj", "{70FB59B6-5AF4-4A05-89A2-70EECEE38F4F}"
EndProject
Project("{FAE04EC0-301F-11D3-BF4B-00C04F79EFBC}") = "Ejercicio_33", "Ejercicio_33\Ejercicio_33.csproj", "{E4A9F21E-BA86-4006-8A4F-C1A7FCC4FE62}"
EndProject
Project("{FAE04EC0-301F-11D3-BF4B-00C04F79EFBC}") = "Ejercicio_34", "Ejercicio_34\Ejercicio_34.csproj", "{25D294AE-5E40-4925-AD86-F0771BE281F5}"
EndProject
Project("{FAE04EC0-301F-11D3-BF4B-00C04F79EFBC}") = "Ejercicio_35", "Ejercicio_35\Ejercicio_35.csproj", "{4E98DB13-2FBC-4A1C-BD5F-063340FEA679}"
EndProject
Project("{FAE04EC0-301F-11D3-BF4B-00C04F79EFBC}") = "Ejercicio_36", "Ejercicio_36\Ejercicio_36.csproj", "{EF4DE280-0BC9-4867-AAAF-506B96E00878}"
EndProject
Project("{FAE04EC0-301F-11D3-BF4B-00C04F79EFBC}") = "Ejercicio_37", "Ejercicio_37\Ejercicio_37.csproj", "{1EC5A89C-435C-4845-A3FF-A833BC83222C}"
EndProject
Project("{FAE04EC0-301F-11D3-BF4B-00C04F79EFBC}") = "Ejercicio_38", "Ejercicio_38\Ejercicio_38.csproj", "{26F50E52-FC55-4374-A6B0-C442E5CE62A7}"
EndProject
Project("{FAE04EC0-301F-11D3-BF4B-00C04F79EFBC}") = "Ejercicio_39", "Ejercicio_39\Ejercicio_39.csproj", "{E653032F-2455-48D4-9919-29D69C6A9674}"
EndProject
Project("{FAE04EC0-301F-11D3-BF4B-00C04F79EFBC}") = "Ejercicio_40", "Ejercicio_40\Ejercicio_40.csproj", "{A2E6404F-0F7F-4299-9AF6-49461F927E56}"
EndProject
Project("{FAE04EC0-301F-11D3-BF4B-00C04F79EFBC}") = "Ejercicio_41", "Ejercicio_41\Ejercicio_41.csproj", "{320FD0DB-1249-4FB6-8225-B940ABB30984}"
EndProject
Project("{FAE04EC0-301F-11D3-BF4B-00C04F79EFBC}") = "Ejercicio_42", "Ejercicio_42\Ejercicio_42.csproj", "{E40BDD45-620C-4F3F-9CC8-0CC6E7293049}"
EndProject
Project("{FAE04EC0-301F-11D3-BF4B-00C04F79EFBC}") = "Ejercicio_43", "Ejercicio_43\Ejercicio_43.csproj", "{EF26231E-9CCF-43E3-8A0E-22B9FEF330E7}"
EndProject
Global
	GlobalSection(SolutionConfigurationPlatforms) = preSolution
		Debug|Any CPU = Debug|Any CPU
		Release|Any CPU = Release|Any CPU
	EndGlobalSection
	GlobalSection(ProjectConfigurationPlatforms) = postSolution
		{D3F50FD8-67F6-446B-9647-A20B43C004CC}.Debug|Any CPU.ActiveCfg = Debug|Any CPU
		{D3F50FD8-67F6-446B-9647-A20B43C004CC}.Debug|Any CPU.Build.0 = Debug|Any CPU
		{D3F50FD8-67F6-446B-9647-A20B43C004CC}.Release|Any CPU.ActiveCfg = Release|Any CPU
		{D3F50FD8-67F6-446B-9647-A20B43C004CC}.Release|Any CPU.Build.0 = Release|Any CPU
		{AC167B5A-D18B-43FE-A7A6-7BE5856A6505}.Debug|Any CPU.ActiveCfg = Debug|Any CPU
		{AC167B5A-D18B-43FE-A7A6-7BE5856A6505}.Debug|Any CPU.Build.0 = Debug|Any CPU
		{AC167B5A-D18B-43FE-A7A6-7BE5856A6505}.Release|Any CPU.ActiveCfg = Release|Any CPU
		{AC167B5A-D18B-43FE-A7A6-7BE5856A6505}.Release|Any CPU.Build.0 = Release|Any CPU
		{C77E9E7C-9792-4C39-9786-67D6380529A1}.Debug|Any CPU.ActiveCfg = Debug|Any CPU
		{C77E9E7C-9792-4C39-9786-67D6380529A1}.Debug|Any CPU.Build.0 = Debug|Any CPU
		{C77E9E7C-9792-4C39-9786-67D6380529A1}.Release|Any CPU.ActiveCfg = Release|Any CPU
		{C77E9E7C-9792-4C39-9786-67D6380529A1}.Release|Any CPU.Build.0 = Release|Any CPU
		{170673B6-28C6-4260-8D8C-D948F07CAD24}.Debug|Any CPU.ActiveCfg = Debug|Any CPU
		{170673B6-28C6-4260-8D8C-D948F07CAD24}.Debug|Any CPU.Build.0 = Debug|Any CPU
		{170673B6-28C6-4260-8D8C-D948F07CAD24}.Release|Any CPU.ActiveCfg = Release|Any CPU
		{170673B6-28C6-4260-8D8C-D948F07CAD24}.Release|Any CPU.Build.0 = Release|Any CPU
		{BB48C27B-83DC-4F8C-BCD3-6BB4BF9130F3}.Debug|Any CPU.ActiveCfg = Debug|Any CPU
		{BB48C27B-83DC-4F8C-BCD3-6BB4BF9130F3}.Debug|Any CPU.Build.0 = Debug|Any CPU
		{BB48C27B-83DC-4F8C-BCD3-6BB4BF9130F3}.Release|Any CPU.ActiveCfg = Release|Any CPU
		{BB48C27B-83DC-4F8C-BCD3-6BB4BF9130F3}.Release|Any CPU.Build.0 = Release|Any CPU
		{59FC9EF5-186A-4817-AB44-63DCBBDE12FE}.Debug|Any CPU.ActiveCfg = Debug|Any CPU
		{59FC9EF5-186A-4817-AB44-63DCBBDE12FE}.Debug|Any CPU.Build.0 = Debug|Any CPU
		{59FC9EF5-186A-4817-AB44-63DCBBDE12FE}.Release|Any CPU.ActiveCfg = Release|Any CPU
		{59FC9EF5-186A-4817-AB44-63DCBBDE12FE}.Release|Any CPU.Build.0 = Release|Any CPU
		{81035241-BC6E-4C88-9818-ECF84878D9E5}.Debug|Any CPU.ActiveCfg = Debug|Any CPU
		{81035241-BC6E-4C88-9818-ECF84878D9E5}.Debug|Any CPU.Build.0 = Debug|Any CPU
		{81035241-BC6E-4C88-9818-ECF84878D9E5}.Release|Any CPU.ActiveCfg = Release|Any CPU
		{81035241-BC6E-4C88-9818-ECF84878D9E5}.Release|Any CPU.Build.0 = Release|Any CPU
		{E5402A62-F854-4FF4-9771-039BA1D1709E}.Debug|Any CPU.ActiveCfg = Debug|Any CPU
		{E5402A62-F854-4FF4-9771-039BA1D1709E}.Debug|Any CPU.Build.0 = Debug|Any CPU
		{E5402A62-F854-4FF4-9771-039BA1D1709E}.Release|Any CPU.ActiveCfg = Release|Any CPU
		{E5402A62-F854-4FF4-9771-039BA1D1709E}.Release|Any CPU.Build.0 = Release|Any CPU
		{76A5C316-4984-48A5-B0DD-B31FBC45A1C9}.Debug|Any CPU.ActiveCfg = Debug|Any CPU
		{76A5C316-4984-48A5-B0DD-B31FBC45A1C9}.Debug|Any CPU.Build.0 = Debug|Any CPU
		{76A5C316-4984-48A5-B0DD-B31FBC45A1C9}.Release|Any CPU.ActiveCfg = Release|Any CPU
		{76A5C316-4984-48A5-B0DD-B31FBC45A1C9}.Release|Any CPU.Build.0 = Release|Any CPU
		{90230B64-D777-4008-9916-051154DC56D2}.Debug|Any CPU.ActiveCfg = Debug|Any CPU
		{90230B64-D777-4008-9916-051154DC56D2}.Debug|Any CPU.Build.0 = Debug|Any CPU
		{90230B64-D777-4008-9916-051154DC56D2}.Release|Any CPU.ActiveCfg = Release|Any CPU
		{90230B64-D777-4008-9916-051154DC56D2}.Release|Any CPU.Build.0 = Release|Any CPU
		{D3FF7353-29B8-4228-8B7E-9415920F7E2C}.Debug|Any CPU.ActiveCfg = Debug|Any CPU
		{D3FF7353-29B8-4228-8B7E-9415920F7E2C}.Debug|Any CPU.Build.0 = Debug|Any CPU
		{D3FF7353-29B8-4228-8B7E-9415920F7E2C}.Release|Any CPU.ActiveCfg = Release|Any CPU
		{D3FF7353-29B8-4228-8B7E-9415920F7E2C}.Release|Any CPU.Build.0 = Release|Any CPU
		{13E40918-EE20-4664-9AC0-8AE1BFBC332E}.Debug|Any CPU.ActiveCfg = Debug|Any CPU
		{13E40918-EE20-4664-9AC0-8AE1BFBC332E}.Debug|Any CPU.Build.0 = Debug|Any CPU
		{13E40918-EE20-4664-9AC0-8AE1BFBC332E}.Release|Any CPU.ActiveCfg = Release|Any CPU
		{13E40918-EE20-4664-9AC0-8AE1BFBC332E}.Release|Any CPU.Build.0 = Release|Any CPU
		{859D437C-2701-45AE-A876-038E2E567560}.Debug|Any CPU.ActiveCfg = Debug|Any CPU
		{859D437C-2701-45AE-A876-038E2E567560}.Debug|Any CPU.Build.0 = Debug|Any CPU
		{859D437C-2701-45AE-A876-038E2E567560}.Release|Any CPU.ActiveCfg = Release|Any CPU
		{859D437C-2701-45AE-A876-038E2E567560}.Release|Any CPU.Build.0 = Release|Any CPU
		{9FBA8A7E-E564-4224-A3BD-F98116A65654}.Debug|Any CPU.ActiveCfg = Debug|Any CPU
		{9FBA8A7E-E564-4224-A3BD-F98116A65654}.Debug|Any CPU.Build.0 = Debug|Any CPU
		{9FBA8A7E-E564-4224-A3BD-F98116A65654}.Release|Any CPU.ActiveCfg = Release|Any CPU
		{9FBA8A7E-E564-4224-A3BD-F98116A65654}.Release|Any CPU.Build.0 = Release|Any CPU
		{F135194F-8134-4F17-9457-57CCEC171C5B}.Debug|Any CPU.ActiveCfg = Debug|Any CPU
		{F135194F-8134-4F17-9457-57CCEC171C5B}.Debug|Any CPU.Build.0 = Debug|Any CPU
		{F135194F-8134-4F17-9457-57CCEC171C5B}.Release|Any CPU.ActiveCfg = Release|Any CPU
		{F135194F-8134-4F17-9457-57CCEC171C5B}.Release|Any CPU.Build.0 = Release|Any CPU
		{1A1D6DB6-D4A3-4A70-A27E-BE19D725089C}.Debug|Any CPU.ActiveCfg = Debug|Any CPU
		{1A1D6DB6-D4A3-4A70-A27E-BE19D725089C}.Debug|Any CPU.Build.0 = Debug|Any CPU
		{1A1D6DB6-D4A3-4A70-A27E-BE19D725089C}.Release|Any CPU.ActiveCfg = Release|Any CPU
		{1A1D6DB6-D4A3-4A70-A27E-BE19D725089C}.Release|Any CPU.Build.0 = Release|Any CPU
		{5918BCD0-78EE-4D3F-B3F8-ED24CCE29274}.Debug|Any CPU.ActiveCfg = Debug|Any CPU
		{5918BCD0-78EE-4D3F-B3F8-ED24CCE29274}.Debug|Any CPU.Build.0 = Debug|Any CPU
		{5918BCD0-78EE-4D3F-B3F8-ED24CCE29274}.Release|Any CPU.ActiveCfg = Release|Any CPU
		{5918BCD0-78EE-4D3F-B3F8-ED24CCE29274}.Release|Any CPU.Build.0 = Release|Any CPU
		{FE39C1AE-9774-4FE8-ADF2-FAA529263083}.Debug|Any CPU.ActiveCfg = Debug|Any CPU
		{FE39C1AE-9774-4FE8-ADF2-FAA529263083}.Debug|Any CPU.Build.0 = Debug|Any CPU
		{FE39C1AE-9774-4FE8-ADF2-FAA529263083}.Release|Any CPU.ActiveCfg = Release|Any CPU
		{FE39C1AE-9774-4FE8-ADF2-FAA529263083}.Release|Any CPU.Build.0 = Release|Any CPU
		{85B3C4D6-4051-432B-BED3-922D26222CB3}.Debug|Any CPU.ActiveCfg = Debug|Any CPU
		{85B3C4D6-4051-432B-BED3-922D26222CB3}.Debug|Any CPU.Build.0 = Debug|Any CPU
		{85B3C4D6-4051-432B-BED3-922D26222CB3}.Release|Any CPU.ActiveCfg = Release|Any CPU
		{85B3C4D6-4051-432B-BED3-922D26222CB3}.Release|Any CPU.Build.0 = Release|Any CPU
		{829C56D1-03B3-493D-B314-29BE8E514E65}.Debug|Any CPU.ActiveCfg = Debug|Any CPU
		{829C56D1-03B3-493D-B314-29BE8E514E65}.Debug|Any CPU.Build.0 = Debug|Any CPU
		{829C56D1-03B3-493D-B314-29BE8E514E65}.Release|Any CPU.ActiveCfg = Release|Any CPU
		{829C56D1-03B3-493D-B314-29BE8E514E65}.Release|Any CPU.Build.0 = Release|Any CPU
		{1F48CF56-D7AA-461F-B5FB-35D9B044FD8F}.Debug|Any CPU.ActiveCfg = Debug|Any CPU
		{1F48CF56-D7AA-461F-B5FB-35D9B044FD8F}.Debug|Any CPU.Build.0 = Debug|Any CPU
		{1F48CF56-D7AA-461F-B5FB-35D9B044FD8F}.Release|Any CPU.ActiveCfg = Release|Any CPU
		{1F48CF56-D7AA-461F-B5FB-35D9B044FD8F}.Release|Any CPU.Build.0 = Release|Any CPU
		{A5B01A13-8726-423E-80D6-D327894053A5}.Debug|Any CPU.ActiveCfg = Debug|Any CPU
		{A5B01A13-8726-423E-80D6-D327894053A5}.Debug|Any CPU.Build.0 = Debug|Any CPU
		{A5B01A13-8726-423E-80D6-D327894053A5}.Release|Any CPU.ActiveCfg = Release|Any CPU
		{A5B01A13-8726-423E-80D6-D327894053A5}.Release|Any CPU.Build.0 = Release|Any CPU
		{64C68746-7E0F-4F80-BC51-5AF3F03D1ECA}.Debug|Any CPU.ActiveCfg = Debug|Any CPU
		{64C68746-7E0F-4F80-BC51-5AF3F03D1ECA}.Debug|Any CPU.Build.0 = Debug|Any CPU
		{64C68746-7E0F-4F80-BC51-5AF3F03D1ECA}.Release|Any CPU.ActiveCfg = Release|Any CPU
		{64C68746-7E0F-4F80-BC51-5AF3F03D1ECA}.Release|Any CPU.Build.0 = Release|Any CPU
		{9468596F-D3D4-471B-9D97-9AEA95CD46ED}.Debug|Any CPU.ActiveCfg = Debug|Any CPU
		{9468596F-D3D4-471B-9D97-9AEA95CD46ED}.Debug|Any CPU.Build.0 = Debug|Any CPU
		{9468596F-D3D4-471B-9D97-9AEA95CD46ED}.Release|Any CPU.ActiveCfg = Release|Any CPU
		{9468596F-D3D4-471B-9D97-9AEA95CD46ED}.Release|Any CPU.Build.0 = Release|Any CPU
		{0AC5C13C-EA36-4181-B205-56B60121B2D0}.Debug|Any CPU.ActiveCfg = Debug|Any CPU
		{0AC5C13C-EA36-4181-B205-56B60121B2D0}.Debug|Any CPU.Build.0 = Debug|Any CPU
		{0AC5C13C-EA36-4181-B205-56B60121B2D0}.Release|Any CPU.ActiveCfg = Release|Any CPU
		{0AC5C13C-EA36-4181-B205-56B60121B2D0}.Release|Any CPU.Build.0 = Release|Any CPU
		{2FA35156-1549-4EDC-887E-04762AD93DC5}.Debug|Any CPU.ActiveCfg = Debug|Any CPU
		{2FA35156-1549-4EDC-887E-04762AD93DC5}.Debug|Any CPU.Build.0 = Debug|Any CPU
		{2FA35156-1549-4EDC-887E-04762AD93DC5}.Release|Any CPU.ActiveCfg = Release|Any CPU
		{2FA35156-1549-4EDC-887E-04762AD93DC5}.Release|Any CPU.Build.0 = Release|Any CPU
		{EAE7D554-7E25-4A28-9415-858DB3B66F06}.Debug|Any CPU.ActiveCfg = Debug|Any CPU
		{EAE7D554-7E25-4A28-9415-858DB3B66F06}.Debug|Any CPU.Build.0 = Debug|Any CPU
		{EAE7D554-7E25-4A28-9415-858DB3B66F06}.Release|Any CPU.ActiveCfg = Release|Any CPU
		{EAE7D554-7E25-4A28-9415-858DB3B66F06}.Release|Any CPU.Build.0 = Release|Any CPU
		{CC98ADA4-02BE-4A1F-ACEC-4496298D0E6B}.Debug|Any CPU.ActiveCfg = Debug|Any CPU
		{CC98ADA4-02BE-4A1F-ACEC-4496298D0E6B}.Debug|Any CPU.Build.0 = Debug|Any CPU
		{CC98ADA4-02BE-4A1F-ACEC-4496298D0E6B}.Release|Any CPU.ActiveCfg = Release|Any CPU
		{CC98ADA4-02BE-4A1F-ACEC-4496298D0E6B}.Release|Any CPU.Build.0 = Release|Any CPU
		{1903CDF4-0AD1-4516-9694-785F2C266554}.Debug|Any CPU.ActiveCfg = Debug|Any CPU
		{1903CDF4-0AD1-4516-9694-785F2C266554}.Debug|Any CPU.Build.0 = Debug|Any CPU
		{1903CDF4-0AD1-4516-9694-785F2C266554}.Release|Any CPU.ActiveCfg = Release|Any CPU
		{1903CDF4-0AD1-4516-9694-785F2C266554}.Release|Any CPU.Build.0 = Release|Any CPU
		{9B827EE6-FB0C-4215-B977-905211D81863}.Debug|Any CPU.ActiveCfg = Debug|Any CPU
		{9B827EE6-FB0C-4215-B977-905211D81863}.Debug|Any CPU.Build.0 = Debug|Any CPU
		{9B827EE6-FB0C-4215-B977-905211D81863}.Release|Any CPU.ActiveCfg = Release|Any CPU
		{9B827EE6-FB0C-4215-B977-905211D81863}.Release|Any CPU.Build.0 = Release|Any CPU
		{C17FAB5C-3D14-451D-A89F-962A6CE45EE0}.Debug|Any CPU.ActiveCfg = Debug|Any CPU
		{C17FAB5C-3D14-451D-A89F-962A6CE45EE0}.Debug|Any CPU.Build.0 = Debug|Any CPU
		{C17FAB5C-3D14-451D-A89F-962A6CE45EE0}.Release|Any CPU.ActiveCfg = Release|Any CPU
		{C17FAB5C-3D14-451D-A89F-962A6CE45EE0}.Release|Any CPU.Build.0 = Release|Any CPU
		{70FB59B6-5AF4-4A05-89A2-70EECEE38F4F}.Debug|Any CPU.ActiveCfg = Debug|Any CPU
		{70FB59B6-5AF4-4A05-89A2-70EECEE38F4F}.Debug|Any CPU.Build.0 = Debug|Any CPU
		{70FB59B6-5AF4-4A05-89A2-70EECEE38F4F}.Release|Any CPU.ActiveCfg = Release|Any CPU
		{70FB59B6-5AF4-4A05-89A2-70EECEE38F4F}.Release|Any CPU.Build.0 = Release|Any CPU
		{E4A9F21E-BA86-4006-8A4F-C1A7FCC4FE62}.Debug|Any CPU.ActiveCfg = Debug|Any CPU
		{E4A9F21E-BA86-4006-8A4F-C1A7FCC4FE62}.Debug|Any CPU.Build.0 = Debug|Any CPU
		{E4A9F21E-BA86-4006-8A4F-C1A7FCC4FE62}.Release|Any CPU.ActiveCfg = Release|Any CPU
		{E4A9F21E-BA86-4006-8A4F-C1A7FCC4FE62}.Release|Any CPU.Build.0 = Release|Any CPU
		{25D294AE-5E40-4925-AD86-F0771BE281F5}.Debug|Any CPU.ActiveCfg = Debug|Any CPU
		{25D294AE-5E40-4925-AD86-F0771BE281F5}.Debug|Any CPU.Build.0 = Debug|Any CPU
		{25D294AE-5E40-4925-AD86-F0771BE281F5}.Release|Any CPU.ActiveCfg = Release|Any CPU
		{25D294AE-5E40-4925-AD86-F0771BE281F5}.Release|Any CPU.Build.0 = Release|Any CPU
		{4E98DB13-2FBC-4A1C-BD5F-063340FEA679}.Debug|Any CPU.ActiveCfg = Debug|Any CPU
		{4E98DB13-2FBC-4A1C-BD5F-063340FEA679}.Debug|Any CPU.Build.0 = Debug|Any CPU
		{4E98DB13-2FBC-4A1C-BD5F-063340FEA679}.Release|Any CPU.ActiveCfg = Release|Any CPU
		{4E98DB13-2FBC-4A1C-BD5F-063340FEA679}.Release|Any CPU.Build.0 = Release|Any CPU
		{EF4DE280-0BC9-4867-AAAF-506B96E00878}.Debug|Any CPU.ActiveCfg = Debug|Any CPU
		{EF4DE280-0BC9-4867-AAAF-506B96E00878}.Debug|Any CPU.Build.0 = Debug|Any CPU
		{EF4DE280-0BC9-4867-AAAF-506B96E00878}.Release|Any CPU.ActiveCfg = Release|Any CPU
		{EF4DE280-0BC9-4867-AAAF-506B96E00878}.Release|Any CPU.Build.0 = Release|Any CPU
		{1EC5A89C-435C-4845-A3FF-A833BC83222C}.Debug|Any CPU.ActiveCfg = Debug|Any CPU
		{1EC5A89C-435C-4845-A3FF-A833BC83222C}.Debug|Any CPU.Build.0 = Debug|Any CPU
		{1EC5A89C-435C-4845-A3FF-A833BC83222C}.Release|Any CPU.ActiveCfg = Release|Any CPU
		{1EC5A89C-435C-4845-A3FF-A833BC83222C}.Release|Any CPU.Build.0 = Release|Any CPU
		{26F50E52-FC55-4374-A6B0-C442E5CE62A7}.Debug|Any CPU.ActiveCfg = Debug|Any CPU
		{26F50E52-FC55-4374-A6B0-C442E5CE62A7}.Debug|Any CPU.Build.0 = Debug|Any CPU
		{26F50E52-FC55-4374-A6B0-C442E5CE62A7}.Release|Any CPU.ActiveCfg = Release|Any CPU
		{26F50E52-FC55-4374-A6B0-C442E5CE62A7}.Release|Any CPU.Build.0 = Release|Any CPU
		{E653032F-2455-48D4-9919-29D69C6A9674}.Debug|Any CPU.ActiveCfg = Debug|Any CPU
		{E653032F-2455-48D4-9919-29D69C6A9674}.Debug|Any CPU.Build.0 = Debug|Any CPU
		{E653032F-2455-48D4-9919-29D69C6A9674}.Release|Any CPU.ActiveCfg = Release|Any CPU
		{E653032F-2455-48D4-9919-29D69C6A9674}.Release|Any CPU.Build.0 = Release|Any CPU
		{A2E6404F-0F7F-4299-9AF6-49461F927E56}.Debug|Any CPU.ActiveCfg = Debug|Any CPU
		{A2E6404F-0F7F-4299-9AF6-49461F927E56}.Debug|Any CPU.Build.0 = Debug|Any CPU
		{A2E6404F-0F7F-4299-9AF6-49461F927E56}.Release|Any CPU.ActiveCfg = Release|Any CPU
		{A2E6404F-0F7F-4299-9AF6-49461F927E56}.Release|Any CPU.Build.0 = Release|Any CPU
		{320FD0DB-1249-4FB6-8225-B940ABB30984}.Debug|Any CPU.ActiveCfg = Debug|Any CPU
		{320FD0DB-1249-4FB6-8225-B940ABB30984}.Debug|Any CPU.Build.0 = Debug|Any CPU
		{320FD0DB-1249-4FB6-8225-B940ABB30984}.Release|Any CPU.ActiveCfg = Release|Any CPU
		{320FD0DB-1249-4FB6-8225-B940ABB30984}.Release|Any CPU.Build.0 = Release|Any CPU
		{E40BDD45-620C-4F3F-9CC8-0CC6E7293049}.Debug|Any CPU.ActiveCfg = Debug|Any CPU
		{E40BDD45-620C-4F3F-9CC8-0CC6E7293049}.Debug|Any CPU.Build.0 = Debug|Any CPU
		{E40BDD45-620C-4F3F-9CC8-0CC6E7293049}.Release|Any CPU.ActiveCfg = Release|Any CPU
		{E40BDD45-620C-4F3F-9CC8-0CC6E7293049}.Release|Any CPU.Build.0 = Release|Any CPU
		{EF26231E-9CCF-43E3-8A0E-22B9FEF330E7}.Debug|Any CPU.ActiveCfg = Debug|Any CPU
		{EF26231E-9CCF-43E3-8A0E-22B9FEF330E7}.Debug|Any CPU.Build.0 = Debug|Any CPU
		{EF26231E-9CCF-43E3-8A0E-22B9FEF330E7}.Release|Any CPU.ActiveCfg = Release|Any CPU
		{EF26231E-9CCF-43E3-8A0E-22B9FEF330E7}.Release|Any CPU.Build.0 = Release|Any CPU
	EndGlobalSection
	GlobalSection(SolutionProperties) = preSolution
		HideSolutionNode = FALSE
	EndGlobalSection
	GlobalSection(ExtensibilityGlobals) = postSolution
		SolutionGuid = {1ECFFBE4-9838-4F03-A0DF-E24A0FE15F05}
	EndGlobalSection
EndGlobal
